// !$*UTF8*$!
{
	archiveVersion = 1;
	classes = {
	};
	objectVersion = 46;
	objects = {

/* Begin PBXBuildFile section */
		1F4DC36C1854DDED00053C71 /* SwitchCell.m in Sources */ = {isa = PBXBuildFile; fileRef = 1F4DC36B1854DDED00053C71 /* SwitchCell.m */; };
		1F4DC36E1854DE0000053C71 /* SwitchCell.xib in Resources */ = {isa = PBXBuildFile; fileRef = 1F4DC36D1854DE0000053C71 /* SwitchCell.xib */; };
		1F4DC3711854E62300053C71 /* SetAlarmCell.m in Sources */ = {isa = PBXBuildFile; fileRef = 1F4DC3701854E62300053C71 /* SetAlarmCell.m */; };
		1F4DC3731854E63200053C71 /* SetAlarmCell.xib in Resources */ = {isa = PBXBuildFile; fileRef = 1F4DC3721854E63200053C71 /* SetAlarmCell.xib */; };
		1FB4457C18554DC80070FD6D /* AlarmRememberViewController.m in Sources */ = {isa = PBXBuildFile; fileRef = 1FB4457B18554DC80070FD6D /* AlarmRememberViewController.m */; };
		1FB4457E185553D40070FD6D /* AlarmRememberViewController.xib in Resources */ = {isa = PBXBuildFile; fileRef = 1FB4457D185553D40070FD6D /* AlarmRememberViewController.xib */; };
		1FBA2F62185A0D010020E720 /* sound.plist in Resources */ = {isa = PBXBuildFile; fileRef = 1FBA2F61185A0D010020E720 /* sound.plist */; };
		1FBA2F7F185A24F50020E720 /* 01_Opening (Default).m4a in Resources */ = {isa = PBXBuildFile; fileRef = 1FBA2F64185A24F50020E720 /* 01_Opening (Default).m4a */; };
		1FBA2F80185A24F50020E720 /* 02_APEX.m4a in Resources */ = {isa = PBXBuildFile; fileRef = 1FBA2F65185A24F50020E720 /* 02_APEX.m4a */; };
		1FBA2F81185A24F50020E720 /* 03_Beacon.m4a in Resources */ = {isa = PBXBuildFile; fileRef = 1FBA2F66185A24F50020E720 /* 03_Beacon.m4a */; };
		1FBA2F82185A24F50020E720 /* 04_Bulletin.m4a in Resources */ = {isa = PBXBuildFile; fileRef = 1FBA2F67185A24F50020E720 /* 04_Bulletin.m4a */; };
		1FBA2F83185A24F50020E720 /* 05_By the Seaside.m4a in Resources */ = {isa = PBXBuildFile; fileRef = 1FBA2F68185A24F50020E720 /* 05_By the Seaside.m4a */; };
		1FBA2F84185A24F50020E720 /* 06_Chimes.m4a in Resources */ = {isa = PBXBuildFile; fileRef = 1FBA2F69185A24F50020E720 /* 06_Chimes.m4a */; };
		1FBA2F85185A24F50020E720 /* 07_Circuit.m4a in Resources */ = {isa = PBXBuildFile; fileRef = 1FBA2F6A185A24F50020E720 /* 07_Circuit.m4a */; };
		1FBA2F86185A24F50020E720 /* 08_Constellation.m4a in Resources */ = {isa = PBXBuildFile; fileRef = 1FBA2F6B185A24F50020E720 /* 08_Constellation.m4a */; };
		1FBA2F87185A24F50020E720 /* 09_Cosmic.m4a in Resources */ = {isa = PBXBuildFile; fileRef = 1FBA2F6C185A24F50020E720 /* 09_Cosmic.m4a */; };
		1FBA2F88185A24F50020E720 /* 10_Crystals.m4a in Resources */ = {isa = PBXBuildFile; fileRef = 1FBA2F6D185A24F50020E720 /* 10_Crystals.m4a */; };
		1FBA2F89185A24F50020E720 /* 11_Hillside.m4a in Resources */ = {isa = PBXBuildFile; fileRef = 1FBA2F6E185A24F50020E720 /* 11_Hillside.m4a */; };
		1FBA2F8A185A24F50020E720 /* 12_Illuminate.m4a in Resources */ = {isa = PBXBuildFile; fileRef = 1FBA2F6F185A24F50020E720 /* 12_Illuminate.m4a */; };
		1FBA2F8B185A24F50020E720 /* 13_Night Owl.m4a in Resources */ = {isa = PBXBuildFile; fileRef = 1FBA2F70185A24F50020E720 /* 13_Night Owl.m4a */; };
		1FBA2F8C185A24F50020E720 /* 14_Playtime.m4a in Resources */ = {isa = PBXBuildFile; fileRef = 1FBA2F71185A24F50020E720 /* 14_Playtime.m4a */; };
		1FBA2F8D185A24F50020E720 /* 15_Presto.m4a in Resources */ = {isa = PBXBuildFile; fileRef = 1FBA2F72185A24F50020E720 /* 15_Presto.m4a */; };
		1FBA2F8E185A24F50020E720 /* 16_Radar.m4a in Resources */ = {isa = PBXBuildFile; fileRef = 1FBA2F73185A24F50020E720 /* 16_Radar.m4a */; };
		1FBA2F8F185A24F50020E720 /* 17_Radiate.m4a in Resources */ = {isa = PBXBuildFile; fileRef = 1FBA2F74185A24F50020E720 /* 17_Radiate.m4a */; };
		1FBA2F90185A24F50020E720 /* 18_Ripples.m4a in Resources */ = {isa = PBXBuildFile; fileRef = 1FBA2F75185A24F50020E720 /* 18_Ripples.m4a */; };
		1FBA2F91185A24F50020E720 /* 19_Senca.m4a in Resources */ = {isa = PBXBuildFile; fileRef = 1FBA2F76185A24F50020E720 /* 19_Senca.m4a */; };
		1FBA2F92185A24F50020E720 /* 20_Signal.m4a in Resources */ = {isa = PBXBuildFile; fileRef = 1FBA2F77185A24F50020E720 /* 20_Signal.m4a */; };
		1FBA2F93185A24F50020E720 /* 21_Silk.m4a in Resources */ = {isa = PBXBuildFile; fileRef = 1FBA2F78185A24F50020E720 /* 21_Silk.m4a */; };
		1FBA2F94185A24F50020E720 /* 22_Slow Rise.m4a in Resources */ = {isa = PBXBuildFile; fileRef = 1FBA2F79185A24F50020E720 /* 22_Slow Rise.m4a */; };
		1FBA2F95185A24F50020E720 /* 23_Stargaze.m4a in Resources */ = {isa = PBXBuildFile; fileRef = 1FBA2F7A185A24F50020E720 /* 23_Stargaze.m4a */; };
		1FBA2F96185A24F50020E720 /* 24_Summit.m4a in Resources */ = {isa = PBXBuildFile; fileRef = 1FBA2F7B185A24F50020E720 /* 24_Summit.m4a */; };
		1FBA2F97185A24F50020E720 /* 25_Twinkle.m4a in Resources */ = {isa = PBXBuildFile; fileRef = 1FBA2F7C185A24F50020E720 /* 25_Twinkle.m4a */; };
		1FBA2F98185A24F50020E720 /* 26_Uplift.m4a in Resources */ = {isa = PBXBuildFile; fileRef = 1FBA2F7D185A24F50020E720 /* 26_Uplift.m4a */; };
		1FBA2F99185A24F50020E720 /* 27_Waves.m4a in Resources */ = {isa = PBXBuildFile; fileRef = 1FBA2F7E185A24F50020E720 /* 27_Waves.m4a */; };
		6105F231184342FA00588CDE /* MainViewController.m in Sources */ = {isa = PBXBuildFile; fileRef = 6105F230184342FA00588CDE /* MainViewController.m */; };
		6105F234184344BC00588CDE /* CustomPresentModal.m in Sources */ = {isa = PBXBuildFile; fileRef = 6105F233184344BC00588CDE /* CustomPresentModal.m */; };
		6105F2381843568900588CDE /* FunctionIndexViewController.m in Sources */ = {isa = PBXBuildFile; fileRef = 6105F2371843568900588CDE /* FunctionIndexViewController.m */; };
		6106E071183DBADD00A1DC14 /* AddAlarmViewController.m in Sources */ = {isa = PBXBuildFile; fileRef = 6106E06F183DBADD00A1DC14 /* AddAlarmViewController.m */; };
		610929FE183B25CD0028B71F /* UIKit.framework in Frameworks */ = {isa = PBXBuildFile; fileRef = 610929FD183B25CD0028B71F /* UIKit.framework */; };
		61092A00183B25CD0028B71F /* Foundation.framework in Frameworks */ = {isa = PBXBuildFile; fileRef = 610929FF183B25CD0028B71F /* Foundation.framework */; };
		61092A02183B25CD0028B71F /* CoreGraphics.framework in Frameworks */ = {isa = PBXBuildFile; fileRef = 61092A01183B25CD0028B71F /* CoreGraphics.framework */; };
		61092A08183B25CD0028B71F /* InfoPlist.strings in Resources */ = {isa = PBXBuildFile; fileRef = 61092A06183B25CD0028B71F /* InfoPlist.strings */; };
		61092A0A183B25CD0028B71F /* main.m in Sources */ = {isa = PBXBuildFile; fileRef = 61092A09183B25CD0028B71F /* main.m */; };
		61092A0E183B25CE0028B71F /* AppDelegate.m in Sources */ = {isa = PBXBuildFile; fileRef = 61092A0D183B25CE0028B71F /* AppDelegate.m */; };
		61092A10183B25CE0028B71F /* Default.png in Resources */ = {isa = PBXBuildFile; fileRef = 61092A0F183B25CE0028B71F /* Default.png */; };
		61092A12183B25CE0028B71F /* Default@2x.png in Resources */ = {isa = PBXBuildFile; fileRef = 61092A11183B25CE0028B71F /* Default@2x.png */; };
		61092A14183B25CE0028B71F /* Default-568h@2x.png in Resources */ = {isa = PBXBuildFile; fileRef = 61092A13183B25CE0028B71F /* Default-568h@2x.png */; };
		61092A17183B25CE0028B71F /* AlarmViewController.m in Sources */ = {isa = PBXBuildFile; fileRef = 61092A16183B25CE0028B71F /* AlarmViewController.m */; };
		61092A29183B31CF0028B71F /* GlobalFunction.m in Sources */ = {isa = PBXBuildFile; fileRef = 61092A28183B31CF0028B71F /* GlobalFunction.m */; };
		610D8A49183B4C4F0030A1FF /* LeftSliderViewController.m in Sources */ = {isa = PBXBuildFile; fileRef = 610D8A47183B4C4F0030A1FF /* LeftSliderViewController.m */; };
		610D8A4A183B4C4F0030A1FF /* LeftSliderViewController.xib in Resources */ = {isa = PBXBuildFile; fileRef = 610D8A48183B4C4F0030A1FF /* LeftSliderViewController.xib */; };
		6111E6C4183C7AA600D77D96 /* NavigationBaseViewController.m in Sources */ = {isa = PBXBuildFile; fileRef = 6111E6C3183C7AA600D77D96 /* NavigationBaseViewController.m */; };
		6111E6C8183C8CB700D77D96 /* AlarmNavigationController.m in Sources */ = {isa = PBXBuildFile; fileRef = 6111E6C7183C8CB700D77D96 /* AlarmNavigationController.m */; };
		6111E6D0183CB79800D77D96 /* AlarmNavigationController.xib in Resources */ = {isa = PBXBuildFile; fileRef = 6111E6CF183CB79800D77D96 /* AlarmNavigationController.xib */; };
		6119987B185802B600C16652 /* AlarmSoundViewController.m in Sources */ = {isa = PBXBuildFile; fileRef = 61199879185802B600C16652 /* AlarmSoundViewController.m */; };
		6119987C185802B600C16652 /* AlarmSoundViewController.xib in Resources */ = {isa = PBXBuildFile; fileRef = 6119987A185802B600C16652 /* AlarmSoundViewController.xib */; };
		61199881185805A600C16652 /* AlarmRepeatViewController.m in Sources */ = {isa = PBXBuildFile; fileRef = 6119987F185805A600C16652 /* AlarmRepeatViewController.m */; };
		61199882185805A600C16652 /* AlarmRepeatViewController.xib in Resources */ = {isa = PBXBuildFile; fileRef = 61199880185805A600C16652 /* AlarmRepeatViewController.xib */; };
		618F71DE183B655D00842F9D /* NavigationBarView.m in Sources */ = {isa = PBXBuildFile; fileRef = 618F71DD183B655D00842F9D /* NavigationBarView.m */; };
		61BB2E81183B3A72005E71AB /* WakeUpTrendViewController.m in Sources */ = {isa = PBXBuildFile; fileRef = 61BB2E7F183B3A72005E71AB /* WakeUpTrendViewController.m */; };
		61BB2E86183B3A98005E71AB /* DeathTimeViewController.m in Sources */ = {isa = PBXBuildFile; fileRef = 61BB2E84183B3A98005E71AB /* DeathTimeViewController.m */; };
		61BB2E8B183B3AC3005E71AB /* WeatherViewController.m in Sources */ = {isa = PBXBuildFile; fileRef = 61BB2E89183B3AC3005E71AB /* WeatherViewController.m */; };
		61BB2E90183B3AD2005E71AB /* MusicSetViewController.m in Sources */ = {isa = PBXBuildFile; fileRef = 61BB2E8E183B3AD2005E71AB /* MusicSetViewController.m */; };
		61BB2E95183B3AE2005E71AB /* BackgroundSetViewController.m in Sources */ = {isa = PBXBuildFile; fileRef = 61BB2E93183B3AE2005E71AB /* BackgroundSetViewController.m */; };
		61FBD9751842F4C7008E8530 /* Main.storyboard in Resources */ = {isa = PBXBuildFile; fileRef = 61FBD9741842F4C7008E8530 /* Main.storyboard */; };
		61FBD9811843025F008E8530 /* CustomRemoveModalView.m in Sources */ = {isa = PBXBuildFile; fileRef = 61FBD9801843025F008E8530 /* CustomRemoveModalView.m */; };
		F953A303A0AD45AEBC6036ED /* libPods.a in Frameworks */ = {isa = PBXBuildFile; fileRef = 8F1673102BBE415B84501A0D /* libPods.a */; };
/* End PBXBuildFile section */

/* Begin PBXFileReference section */
		1F4DC36A1854DDED00053C71 /* SwitchCell.h */ = {isa = PBXFileReference; fileEncoding = 4; lastKnownFileType = sourcecode.c.h; path = SwitchCell.h; sourceTree = "<group>"; };
		1F4DC36B1854DDED00053C71 /* SwitchCell.m */ = {isa = PBXFileReference; fileEncoding = 4; lastKnownFileType = sourcecode.c.objc; path = SwitchCell.m; sourceTree = "<group>"; };
		1F4DC36D1854DE0000053C71 /* SwitchCell.xib */ = {isa = PBXFileReference; fileEncoding = 4; lastKnownFileType = file.xib; path = SwitchCell.xib; sourceTree = "<group>"; };
		1F4DC36F1854E62300053C71 /* SetAlarmCell.h */ = {isa = PBXFileReference; fileEncoding = 4; lastKnownFileType = sourcecode.c.h; path = SetAlarmCell.h; sourceTree = "<group>"; };
		1F4DC3701854E62300053C71 /* SetAlarmCell.m */ = {isa = PBXFileReference; fileEncoding = 4; lastKnownFileType = sourcecode.c.objc; path = SetAlarmCell.m; sourceTree = "<group>"; };
		1F4DC3721854E63200053C71 /* SetAlarmCell.xib */ = {isa = PBXFileReference; fileEncoding = 4; lastKnownFileType = file.xib; path = SetAlarmCell.xib; sourceTree = "<group>"; };
		1FAA21C418577BDA001721E5 /* AlarmRememberDelegate.h */ = {isa = PBXFileReference; lastKnownFileType = sourcecode.c.h; path = AlarmRememberDelegate.h; sourceTree = "<group>"; };
		1FB4457A18554DC80070FD6D /* AlarmRememberViewController.h */ = {isa = PBXFileReference; fileEncoding = 4; lastKnownFileType = sourcecode.c.h; path = AlarmRememberViewController.h; sourceTree = "<group>"; };
		1FB4457B18554DC80070FD6D /* AlarmRememberViewController.m */ = {isa = PBXFileReference; fileEncoding = 4; lastKnownFileType = sourcecode.c.objc; path = AlarmRememberViewController.m; sourceTree = "<group>"; };
		1FB4457D185553D40070FD6D /* AlarmRememberViewController.xib */ = {isa = PBXFileReference; fileEncoding = 4; lastKnownFileType = file.xib; path = AlarmRememberViewController.xib; sourceTree = "<group>"; };
		1FBA2F61185A0D010020E720 /* sound.plist */ = {isa = PBXFileReference; fileEncoding = 4; lastKnownFileType = text.plist.xml; path = sound.plist; sourceTree = "<group>"; };
		1FBA2F64185A24F50020E720 /* 01_Opening (Default).m4a */ = {isa = PBXFileReference; lastKnownFileType = file; path = "01_Opening (Default).m4a"; sourceTree = "<group>"; };
		1FBA2F65185A24F50020E720 /* 02_APEX.m4a */ = {isa = PBXFileReference; lastKnownFileType = file; path = 02_APEX.m4a; sourceTree = "<group>"; };
		1FBA2F66185A24F50020E720 /* 03_Beacon.m4a */ = {isa = PBXFileReference; lastKnownFileType = file; path = 03_Beacon.m4a; sourceTree = "<group>"; };
		1FBA2F67185A24F50020E720 /* 04_Bulletin.m4a */ = {isa = PBXFileReference; lastKnownFileType = file; path = 04_Bulletin.m4a; sourceTree = "<group>"; };
		1FBA2F68185A24F50020E720 /* 05_By the Seaside.m4a */ = {isa = PBXFileReference; lastKnownFileType = file; path = "05_By the Seaside.m4a"; sourceTree = "<group>"; };
		1FBA2F69185A24F50020E720 /* 06_Chimes.m4a */ = {isa = PBXFileReference; lastKnownFileType = file; path = 06_Chimes.m4a; sourceTree = "<group>"; };
		1FBA2F6A185A24F50020E720 /* 07_Circuit.m4a */ = {isa = PBXFileReference; lastKnownFileType = file; path = 07_Circuit.m4a; sourceTree = "<group>"; };
		1FBA2F6B185A24F50020E720 /* 08_Constellation.m4a */ = {isa = PBXFileReference; lastKnownFileType = file; path = 08_Constellation.m4a; sourceTree = "<group>"; };
		1FBA2F6C185A24F50020E720 /* 09_Cosmic.m4a */ = {isa = PBXFileReference; lastKnownFileType = file; path = 09_Cosmic.m4a; sourceTree = "<group>"; };
		1FBA2F6D185A24F50020E720 /* 10_Crystals.m4a */ = {isa = PBXFileReference; lastKnownFileType = file; path = 10_Crystals.m4a; sourceTree = "<group>"; };
		1FBA2F6E185A24F50020E720 /* 11_Hillside.m4a */ = {isa = PBXFileReference; lastKnownFileType = file; path = 11_Hillside.m4a; sourceTree = "<group>"; };
		1FBA2F6F185A24F50020E720 /* 12_Illuminate.m4a */ = {isa = PBXFileReference; lastKnownFileType = file; path = 12_Illuminate.m4a; sourceTree = "<group>"; };
		1FBA2F70185A24F50020E720 /* 13_Night Owl.m4a */ = {isa = PBXFileReference; lastKnownFileType = file; path = "13_Night Owl.m4a"; sourceTree = "<group>"; };
		1FBA2F71185A24F50020E720 /* 14_Playtime.m4a */ = {isa = PBXFileReference; lastKnownFileType = file; path = 14_Playtime.m4a; sourceTree = "<group>"; };
		1FBA2F72185A24F50020E720 /* 15_Presto.m4a */ = {isa = PBXFileReference; lastKnownFileType = file; path = 15_Presto.m4a; sourceTree = "<group>"; };
		1FBA2F73185A24F50020E720 /* 16_Radar.m4a */ = {isa = PBXFileReference; lastKnownFileType = file; path = 16_Radar.m4a; sourceTree = "<group>"; };
		1FBA2F74185A24F50020E720 /* 17_Radiate.m4a */ = {isa = PBXFileReference; lastKnownFileType = file; path = 17_Radiate.m4a; sourceTree = "<group>"; };
		1FBA2F75185A24F50020E720 /* 18_Ripples.m4a */ = {isa = PBXFileReference; lastKnownFileType = file; path = 18_Ripples.m4a; sourceTree = "<group>"; };
		1FBA2F76185A24F50020E720 /* 19_Senca.m4a */ = {isa = PBXFileReference; lastKnownFileType = file; path = 19_Senca.m4a; sourceTree = "<group>"; };
		1FBA2F77185A24F50020E720 /* 20_Signal.m4a */ = {isa = PBXFileReference; lastKnownFileType = file; path = 20_Signal.m4a; sourceTree = "<group>"; };
		1FBA2F78185A24F50020E720 /* 21_Silk.m4a */ = {isa = PBXFileReference; lastKnownFileType = file; path = 21_Silk.m4a; sourceTree = "<group>"; };
		1FBA2F79185A24F50020E720 /* 22_Slow Rise.m4a */ = {isa = PBXFileReference; lastKnownFileType = file; path = "22_Slow Rise.m4a"; sourceTree = "<group>"; };
		1FBA2F7A185A24F50020E720 /* 23_Stargaze.m4a */ = {isa = PBXFileReference; lastKnownFileType = file; path = 23_Stargaze.m4a; sourceTree = "<group>"; };
		1FBA2F7B185A24F50020E720 /* 24_Summit.m4a */ = {isa = PBXFileReference; lastKnownFileType = file; path = 24_Summit.m4a; sourceTree = "<group>"; };
		1FBA2F7C185A24F50020E720 /* 25_Twinkle.m4a */ = {isa = PBXFileReference; lastKnownFileType = file; path = 25_Twinkle.m4a; sourceTree = "<group>"; };
		1FBA2F7D185A24F50020E720 /* 26_Uplift.m4a */ = {isa = PBXFileReference; lastKnownFileType = file; path = 26_Uplift.m4a; sourceTree = "<group>"; };
		1FBA2F7E185A24F50020E720 /* 27_Waves.m4a */ = {isa = PBXFileReference; lastKnownFileType = file; path = 27_Waves.m4a; sourceTree = "<group>"; };
		48DF38B0DC59498888A58C86 /* Pods.xcconfig */ = {isa = PBXFileReference; includeInIndex = 1; lastKnownFileType = text.xcconfig; name = Pods.xcconfig; path = Pods/Pods.xcconfig; sourceTree = "<group>"; };
		6102D5F218594E6C0082B7B0 /* AlarmRepeatDelegate.h */ = {isa = PBXFileReference; fileEncoding = 4; lastKnownFileType = sourcecode.c.h; path = AlarmRepeatDelegate.h; sourceTree = "<group>"; };
		6105F22F184342FA00588CDE /* MainViewController.h */ = {isa = PBXFileReference; fileEncoding = 4; lastKnownFileType = sourcecode.c.h; path = MainViewController.h; sourceTree = "<group>"; };
		6105F230184342FA00588CDE /* MainViewController.m */ = {isa = PBXFileReference; fileEncoding = 4; lastKnownFileType = sourcecode.c.objc; path = MainViewController.m; sourceTree = "<group>"; };
		6105F232184344BC00588CDE /* CustomPresentModal.h */ = {isa = PBXFileReference; fileEncoding = 4; lastKnownFileType = sourcecode.c.h; path = CustomPresentModal.h; sourceTree = "<group>"; };
		6105F233184344BC00588CDE /* CustomPresentModal.m */ = {isa = PBXFileReference; fileEncoding = 4; lastKnownFileType = sourcecode.c.objc; path = CustomPresentModal.m; sourceTree = "<group>"; };
		6105F2361843568900588CDE /* FunctionIndexViewController.h */ = {isa = PBXFileReference; fileEncoding = 4; lastKnownFileType = sourcecode.c.h; path = FunctionIndexViewController.h; sourceTree = "<group>"; };
		6105F2371843568900588CDE /* FunctionIndexViewController.m */ = {isa = PBXFileReference; fileEncoding = 4; lastKnownFileType = sourcecode.c.objc; path = FunctionIndexViewController.m; sourceTree = "<group>"; };
		6106E06E183DBADD00A1DC14 /* AddAlarmViewController.h */ = {isa = PBXFileReference; fileEncoding = 4; lastKnownFileType = sourcecode.c.h; path = AddAlarmViewController.h; sourceTree = "<group>"; };
		6106E06F183DBADD00A1DC14 /* AddAlarmViewController.m */ = {isa = PBXFileReference; fileEncoding = 4; lastKnownFileType = sourcecode.c.objc; path = AddAlarmViewController.m; sourceTree = "<group>"; };
		610929FA183B25CD0028B71F /* Alarm.app */ = {isa = PBXFileReference; explicitFileType = wrapper.application; includeInIndex = 0; path = Alarm.app; sourceTree = BUILT_PRODUCTS_DIR; };
		610929FD183B25CD0028B71F /* UIKit.framework */ = {isa = PBXFileReference; lastKnownFileType = wrapper.framework; name = UIKit.framework; path = System/Library/Frameworks/UIKit.framework; sourceTree = SDKROOT; };
		610929FF183B25CD0028B71F /* Foundation.framework */ = {isa = PBXFileReference; lastKnownFileType = wrapper.framework; name = Foundation.framework; path = System/Library/Frameworks/Foundation.framework; sourceTree = SDKROOT; };
		61092A01183B25CD0028B71F /* CoreGraphics.framework */ = {isa = PBXFileReference; lastKnownFileType = wrapper.framework; name = CoreGraphics.framework; path = System/Library/Frameworks/CoreGraphics.framework; sourceTree = SDKROOT; };
		61092A05183B25CD0028B71F /* Alarm-Info.plist */ = {isa = PBXFileReference; lastKnownFileType = text.plist.xml; path = "Alarm-Info.plist"; sourceTree = "<group>"; };
		61092A07183B25CD0028B71F /* en */ = {isa = PBXFileReference; lastKnownFileType = text.plist.strings; name = en; path = en.lproj/InfoPlist.strings; sourceTree = "<group>"; };
		61092A09183B25CD0028B71F /* main.m */ = {isa = PBXFileReference; lastKnownFileType = sourcecode.c.objc; path = main.m; sourceTree = "<group>"; };
		61092A0B183B25CD0028B71F /* Alarm-Prefix.pch */ = {isa = PBXFileReference; lastKnownFileType = sourcecode.c.h; path = "Alarm-Prefix.pch"; sourceTree = "<group>"; };
		61092A0C183B25CE0028B71F /* AppDelegate.h */ = {isa = PBXFileReference; lastKnownFileType = sourcecode.c.h; path = AppDelegate.h; sourceTree = "<group>"; };
		61092A0D183B25CE0028B71F /* AppDelegate.m */ = {isa = PBXFileReference; lastKnownFileType = sourcecode.c.objc; path = AppDelegate.m; sourceTree = "<group>"; };
		61092A0F183B25CE0028B71F /* Default.png */ = {isa = PBXFileReference; lastKnownFileType = image.png; path = Default.png; sourceTree = "<group>"; };
		61092A11183B25CE0028B71F /* Default@2x.png */ = {isa = PBXFileReference; lastKnownFileType = image.png; path = "Default@2x.png"; sourceTree = "<group>"; };
		61092A13183B25CE0028B71F /* Default-568h@2x.png */ = {isa = PBXFileReference; lastKnownFileType = image.png; path = "Default-568h@2x.png"; sourceTree = "<group>"; };
		61092A15183B25CE0028B71F /* AlarmViewController.h */ = {isa = PBXFileReference; lastKnownFileType = sourcecode.c.h; path = AlarmViewController.h; sourceTree = "<group>"; };
		61092A16183B25CE0028B71F /* AlarmViewController.m */ = {isa = PBXFileReference; lastKnownFileType = sourcecode.c.objc; path = AlarmViewController.m; sourceTree = "<group>"; };
		61092A27183B31CF0028B71F /* GlobalFunction.h */ = {isa = PBXFileReference; fileEncoding = 4; lastKnownFileType = sourcecode.c.h; path = GlobalFunction.h; sourceTree = "<group>"; };
		61092A28183B31CF0028B71F /* GlobalFunction.m */ = {isa = PBXFileReference; fileEncoding = 4; lastKnownFileType = sourcecode.c.objc; path = GlobalFunction.m; sourceTree = "<group>"; };
		610D8A46183B4C4F0030A1FF /* LeftSliderViewController.h */ = {isa = PBXFileReference; fileEncoding = 4; lastKnownFileType = sourcecode.c.h; path = LeftSliderViewController.h; sourceTree = "<group>"; };
		610D8A47183B4C4F0030A1FF /* LeftSliderViewController.m */ = {isa = PBXFileReference; fileEncoding = 4; lastKnownFileType = sourcecode.c.objc; path = LeftSliderViewController.m; sourceTree = "<group>"; };
		610D8A48183B4C4F0030A1FF /* LeftSliderViewController.xib */ = {isa = PBXFileReference; fileEncoding = 4; lastKnownFileType = file.xib; path = LeftSliderViewController.xib; sourceTree = "<group>"; };
		6111E6C1183C625300D77D96 /* UIPositionDefine.h */ = {isa = PBXFileReference; fileEncoding = 4; lastKnownFileType = sourcecode.c.h; path = UIPositionDefine.h; sourceTree = "<group>"; };
		6111E6C2183C7AA600D77D96 /* NavigationBaseViewController.h */ = {isa = PBXFileReference; fileEncoding = 4; lastKnownFileType = sourcecode.c.h; path = NavigationBaseViewController.h; sourceTree = "<group>"; };
		6111E6C3183C7AA600D77D96 /* NavigationBaseViewController.m */ = {isa = PBXFileReference; fileEncoding = 4; lastKnownFileType = sourcecode.c.objc; path = NavigationBaseViewController.m; sourceTree = "<group>"; };
		6111E6C6183C8CB700D77D96 /* AlarmNavigationController.h */ = {isa = PBXFileReference; fileEncoding = 4; lastKnownFileType = sourcecode.c.h; path = AlarmNavigationController.h; sourceTree = "<group>"; };
		6111E6C7183C8CB700D77D96 /* AlarmNavigationController.m */ = {isa = PBXFileReference; fileEncoding = 4; lastKnownFileType = sourcecode.c.objc; path = AlarmNavigationController.m; sourceTree = "<group>"; };
		6111E6C9183C8D3C00D77D96 /* AlarmNavigationDelegate.h */ = {isa = PBXFileReference; lastKnownFileType = sourcecode.c.h; path = AlarmNavigationDelegate.h; sourceTree = "<group>"; };
		6111E6CF183CB79800D77D96 /* AlarmNavigationController.xib */ = {isa = PBXFileReference; fileEncoding = 4; lastKnownFileType = file.xib; path = AlarmNavigationController.xib; sourceTree = "<group>"; };
		61199878185802B600C16652 /* AlarmSoundViewController.h */ = {isa = PBXFileReference; fileEncoding = 4; lastKnownFileType = sourcecode.c.h; path = AlarmSoundViewController.h; sourceTree = "<group>"; };
		61199879185802B600C16652 /* AlarmSoundViewController.m */ = {isa = PBXFileReference; fileEncoding = 4; lastKnownFileType = sourcecode.c.objc; path = AlarmSoundViewController.m; sourceTree = "<group>"; };
		6119987A185802B600C16652 /* AlarmSoundViewController.xib */ = {isa = PBXFileReference; fileEncoding = 4; lastKnownFileType = file.xib; path = AlarmSoundViewController.xib; sourceTree = "<group>"; };
		6119987E185805A600C16652 /* AlarmRepeatViewController.h */ = {isa = PBXFileReference; fileEncoding = 4; lastKnownFileType = sourcecode.c.h; path = AlarmRepeatViewController.h; sourceTree = "<group>"; };
		6119987F185805A600C16652 /* AlarmRepeatViewController.m */ = {isa = PBXFileReference; fileEncoding = 4; lastKnownFileType = sourcecode.c.objc; path = AlarmRepeatViewController.m; sourceTree = "<group>"; };
		61199880185805A600C16652 /* AlarmRepeatViewController.xib */ = {isa = PBXFileReference; fileEncoding = 4; lastKnownFileType = file.xib; path = AlarmRepeatViewController.xib; sourceTree = "<group>"; };
		618F71DC183B655D00842F9D /* NavigationBarView.h */ = {isa = PBXFileReference; fileEncoding = 4; lastKnownFileType = sourcecode.c.h; path = NavigationBarView.h; sourceTree = "<group>"; };
		618F71DD183B655D00842F9D /* NavigationBarView.m */ = {isa = PBXFileReference; fileEncoding = 4; lastKnownFileType = sourcecode.c.objc; path = NavigationBarView.m; sourceTree = "<group>"; };
		618F71E0183B6E7700842F9D /* NavigationBarDelegate.h */ = {isa = PBXFileReference; lastKnownFileType = sourcecode.c.h; path = NavigationBarDelegate.h; sourceTree = "<group>"; };
		61BB2E7E183B3A72005E71AB /* WakeUpTrendViewController.h */ = {isa = PBXFileReference; fileEncoding = 4; lastKnownFileType = sourcecode.c.h; path = WakeUpTrendViewController.h; sourceTree = "<group>"; };
		61BB2E7F183B3A72005E71AB /* WakeUpTrendViewController.m */ = {isa = PBXFileReference; fileEncoding = 4; lastKnownFileType = sourcecode.c.objc; path = WakeUpTrendViewController.m; sourceTree = "<group>"; };
		61BB2E83183B3A98005E71AB /* DeathTimeViewController.h */ = {isa = PBXFileReference; fileEncoding = 4; lastKnownFileType = sourcecode.c.h; path = DeathTimeViewController.h; sourceTree = "<group>"; };
		61BB2E84183B3A98005E71AB /* DeathTimeViewController.m */ = {isa = PBXFileReference; fileEncoding = 4; lastKnownFileType = sourcecode.c.objc; path = DeathTimeViewController.m; sourceTree = "<group>"; };
		61BB2E88183B3AC3005E71AB /* WeatherViewController.h */ = {isa = PBXFileReference; fileEncoding = 4; lastKnownFileType = sourcecode.c.h; path = WeatherViewController.h; sourceTree = "<group>"; };
		61BB2E89183B3AC3005E71AB /* WeatherViewController.m */ = {isa = PBXFileReference; fileEncoding = 4; lastKnownFileType = sourcecode.c.objc; path = WeatherViewController.m; sourceTree = "<group>"; };
		61BB2E8D183B3AD2005E71AB /* MusicSetViewController.h */ = {isa = PBXFileReference; fileEncoding = 4; lastKnownFileType = sourcecode.c.h; path = MusicSetViewController.h; sourceTree = "<group>"; };
		61BB2E8E183B3AD2005E71AB /* MusicSetViewController.m */ = {isa = PBXFileReference; fileEncoding = 4; lastKnownFileType = sourcecode.c.objc; path = MusicSetViewController.m; sourceTree = "<group>"; };
		61BB2E92183B3AE2005E71AB /* BackgroundSetViewController.h */ = {isa = PBXFileReference; fileEncoding = 4; lastKnownFileType = sourcecode.c.h; path = BackgroundSetViewController.h; sourceTree = "<group>"; };
		61BB2E93183B3AE2005E71AB /* BackgroundSetViewController.m */ = {isa = PBXFileReference; fileEncoding = 4; lastKnownFileType = sourcecode.c.objc; path = BackgroundSetViewController.m; sourceTree = "<group>"; };
		61FBD9741842F4C7008E8530 /* Main.storyboard */ = {isa = PBXFileReference; fileEncoding = 4; lastKnownFileType = file.storyboard; path = Main.storyboard; sourceTree = SOURCE_ROOT; };
		61FBD97F1843025F008E8530 /* CustomRemoveModalView.h */ = {isa = PBXFileReference; fileEncoding = 4; lastKnownFileType = sourcecode.c.h; path = CustomRemoveModalView.h; sourceTree = "<group>"; };
		61FBD9801843025F008E8530 /* CustomRemoveModalView.m */ = {isa = PBXFileReference; fileEncoding = 4; lastKnownFileType = sourcecode.c.objc; path = CustomRemoveModalView.m; sourceTree = "<group>"; };
		8F1673102BBE415B84501A0D /* libPods.a */ = {isa = PBXFileReference; explicitFileType = archive.ar; includeInIndex = 0; path = libPods.a; sourceTree = BUILT_PRODUCTS_DIR; };
/* End PBXFileReference section */

/* Begin PBXFrameworksBuildPhase section */
		610929F7183B25CD0028B71F /* Frameworks */ = {
			isa = PBXFrameworksBuildPhase;
			buildActionMask = 2147483647;
			files = (
				610929FE183B25CD0028B71F /* UIKit.framework in Frameworks */,
				61092A00183B25CD0028B71F /* Foundation.framework in Frameworks */,
				61092A02183B25CD0028B71F /* CoreGraphics.framework in Frameworks */,
				F953A303A0AD45AEBC6036ED /* libPods.a in Frameworks */,
			);
			runOnlyForDeploymentPostprocessing = 0;
		};
/* End PBXFrameworksBuildPhase section */

/* Begin PBXGroup section */
		1F4DC3661854DD9300053C71 /* AlarmCell */ = {
			isa = PBXGroup;
			children = (
				1F4DC36A1854DDED00053C71 /* SwitchCell.h */,
				1F4DC36B1854DDED00053C71 /* SwitchCell.m */,
				1F4DC36D1854DE0000053C71 /* SwitchCell.xib */,
				1F4DC36F1854E62300053C71 /* SetAlarmCell.h */,
				1F4DC3701854E62300053C71 /* SetAlarmCell.m */,
				1F4DC3721854E63200053C71 /* SetAlarmCell.xib */,
			);
			name = AlarmCell;
			sourceTree = "<group>";
		};
		1FB4457918554D960070FD6D /* AlarmRemember */ = {
			isa = PBXGroup;
			children = (
				1FB4457A18554DC80070FD6D /* AlarmRememberViewController.h */,
				1FB4457B18554DC80070FD6D /* AlarmRememberViewController.m */,
				1FB4457D185553D40070FD6D /* AlarmRememberViewController.xib */,
				1FAA21C418577BDA001721E5 /* AlarmRememberDelegate.h */,
			);
			name = AlarmRemember;
			sourceTree = "<group>";
		};
		1FBA2F63185A24E80020E720 /* Music */ = {
			isa = PBXGroup;
			children = (
				1FBA2F64185A24F50020E720 /* 01_Opening (Default).m4a */,
				1FBA2F65185A24F50020E720 /* 02_APEX.m4a */,
				1FBA2F66185A24F50020E720 /* 03_Beacon.m4a */,
				1FBA2F67185A24F50020E720 /* 04_Bulletin.m4a */,
				1FBA2F68185A24F50020E720 /* 05_By the Seaside.m4a */,
				1FBA2F69185A24F50020E720 /* 06_Chimes.m4a */,
				1FBA2F6A185A24F50020E720 /* 07_Circuit.m4a */,
				1FBA2F6B185A24F50020E720 /* 08_Constellation.m4a */,
				1FBA2F6C185A24F50020E720 /* 09_Cosmic.m4a */,
				1FBA2F6D185A24F50020E720 /* 10_Crystals.m4a */,
				1FBA2F6E185A24F50020E720 /* 11_Hillside.m4a */,
				1FBA2F6F185A24F50020E720 /* 12_Illuminate.m4a */,
				1FBA2F70185A24F50020E720 /* 13_Night Owl.m4a */,
				1FBA2F71185A24F50020E720 /* 14_Playtime.m4a */,
				1FBA2F72185A24F50020E720 /* 15_Presto.m4a */,
				1FBA2F73185A24F50020E720 /* 16_Radar.m4a */,
				1FBA2F74185A24F50020E720 /* 17_Radiate.m4a */,
				1FBA2F75185A24F50020E720 /* 18_Ripples.m4a */,
				1FBA2F76185A24F50020E720 /* 19_Senca.m4a */,
				1FBA2F77185A24F50020E720 /* 20_Signal.m4a */,
				1FBA2F78185A24F50020E720 /* 21_Silk.m4a */,
				1FBA2F79185A24F50020E720 /* 22_Slow Rise.m4a */,
				1FBA2F7A185A24F50020E720 /* 23_Stargaze.m4a */,
				1FBA2F7B185A24F50020E720 /* 24_Summit.m4a */,
				1FBA2F7C185A24F50020E720 /* 25_Twinkle.m4a */,
				1FBA2F7D185A24F50020E720 /* 26_Uplift.m4a */,
				1FBA2F7E185A24F50020E720 /* 27_Waves.m4a */,
			);
			name = Music;
			sourceTree = "<group>";
		};
		6105F2351843563B00588CDE /* CustomModalMethod */ = {
			isa = PBXGroup;
			children = (
				61FBD97F1843025F008E8530 /* CustomRemoveModalView.h */,
				61FBD9801843025F008E8530 /* CustomRemoveModalView.m */,
				6105F232184344BC00588CDE /* CustomPresentModal.h */,
				6105F233184344BC00588CDE /* CustomPresentModal.m */,
			);
			name = CustomModalMethod;
			sourceTree = "<group>";
		};
		610929F1183B25CD0028B71F = {
			isa = PBXGroup;
			children = (
				61092A03183B25CD0028B71F /* Alarm */,
				610929FC183B25CD0028B71F /* Frameworks */,
				610929FB183B25CD0028B71F /* Products */,
				6111E6C5183C8C7B00D77D96 /* NavigationController */,
				48DF38B0DC59498888A58C86 /* Pods.xcconfig */,
			);
			sourceTree = "<group>";
		};
		610929FB183B25CD0028B71F /* Products */ = {
			isa = PBXGroup;
			children = (
				610929FA183B25CD0028B71F /* Alarm.app */,
			);
			name = Products;
			sourceTree = "<group>";
		};
		610929FC183B25CD0028B71F /* Frameworks */ = {
			isa = PBXGroup;
			children = (
				610929FD183B25CD0028B71F /* UIKit.framework */,
				610929FF183B25CD0028B71F /* Foundation.framework */,
				61092A01183B25CD0028B71F /* CoreGraphics.framework */,
				8F1673102BBE415B84501A0D /* libPods.a */,
			);
			name = Frameworks;
			sourceTree = "<group>";
		};
		61092A03183B25CD0028B71F /* Alarm */ = {
			isa = PBXGroup;
			children = (
				6111E6C1183C625300D77D96 /* UIPositionDefine.h */,
				6105F2351843563B00588CDE /* CustomModalMethod */,
				618F71D8183B651900842F9D /* View */,
				610D8A45183B4C320030A1FF /* SliderController */,
				61092A26183B31B50028B71F /* GlobleFunction */,
				61092A24183B27810028B71F /* Background */,
				61092A23183B277D0028B71F /* Music */,
				61092A22183B27780028B71F /* Weather */,
				61092A21183B27720028B71F /* DeathTime */,
				61092A20183B27680028B71F /* WakeUpTrend */,
				61092A25183B27870028B71F /* Alarm */,
				61092A0C183B25CE0028B71F /* AppDelegate.h */,
				61092A0D183B25CE0028B71F /* AppDelegate.m */,
				61FBD9741842F4C7008E8530 /* Main.storyboard */,
				6105F22F184342FA00588CDE /* MainViewController.h */,
				6105F230184342FA00588CDE /* MainViewController.m */,
				61092A04183B25CD0028B71F /* Supporting Files */,
			);
			path = Alarm;
			sourceTree = "<group>";
		};
		61092A04183B25CD0028B71F /* Supporting Files */ = {
			isa = PBXGroup;
			children = (
				1FBA2F63185A24E80020E720 /* Music */,
				61092A05183B25CD0028B71F /* Alarm-Info.plist */,
				61092A06183B25CD0028B71F /* InfoPlist.strings */,
				61092A09183B25CD0028B71F /* main.m */,
				61092A0B183B25CD0028B71F /* Alarm-Prefix.pch */,
				61092A0F183B25CE0028B71F /* Default.png */,
				61092A11183B25CE0028B71F /* Default@2x.png */,
				61092A13183B25CE0028B71F /* Default-568h@2x.png */,
				1FBA2F61185A0D010020E720 /* sound.plist */,
			);
			name = "Supporting Files";
			sourceTree = "<group>";
		};
		61092A20183B27680028B71F /* WakeUpTrend */ = {
			isa = PBXGroup;
			children = (
				61BB2E7E183B3A72005E71AB /* WakeUpTrendViewController.h */,
				61BB2E7F183B3A72005E71AB /* WakeUpTrendViewController.m */,
			);
			name = WakeUpTrend;
			sourceTree = "<group>";
		};
		61092A21183B27720028B71F /* DeathTime */ = {
			isa = PBXGroup;
			children = (
				61BB2E83183B3A98005E71AB /* DeathTimeViewController.h */,
				61BB2E84183B3A98005E71AB /* DeathTimeViewController.m */,
			);
			name = DeathTime;
			sourceTree = "<group>";
		};
		61092A22183B27780028B71F /* Weather */ = {
			isa = PBXGroup;
			children = (
				61BB2E88183B3AC3005E71AB /* WeatherViewController.h */,
				61BB2E89183B3AC3005E71AB /* WeatherViewController.m */,
			);
			name = Weather;
			sourceTree = "<group>";
		};
		61092A23183B277D0028B71F /* Music */ = {
			isa = PBXGroup;
			children = (
				61BB2E8D183B3AD2005E71AB /* MusicSetViewController.h */,
				61BB2E8E183B3AD2005E71AB /* MusicSetViewController.m */,
			);
			name = Music;
			sourceTree = "<group>";
		};
		61092A24183B27810028B71F /* Background */ = {
			isa = PBXGroup;
			children = (
				61BB2E92183B3AE2005E71AB /* BackgroundSetViewController.h */,
				61BB2E93183B3AE2005E71AB /* BackgroundSetViewController.m */,
			);
			name = Background;
			sourceTree = "<group>";
		};
		61092A25183B27870028B71F /* Alarm */ = {
			isa = PBXGroup;
			children = (
				611998771858027300C16652 /* SetAlarm */,
				61092A15183B25CE0028B71F /* AlarmViewController.h */,
				61092A16183B25CE0028B71F /* AlarmViewController.m */,
				6106E06E183DBADD00A1DC14 /* AddAlarmViewController.h */,
				6106E06F183DBADD00A1DC14 /* AddAlarmViewController.m */,
			);
			name = Alarm;
			sourceTree = "<group>";
		};
		61092A26183B31B50028B71F /* GlobleFunction */ = {
			isa = PBXGroup;
			children = (
				61092A27183B31CF0028B71F /* GlobalFunction.h */,
				61092A28183B31CF0028B71F /* GlobalFunction.m */,
			);
			name = GlobleFunction;
			sourceTree = "<group>";
		};
		610D8A45183B4C320030A1FF /* SliderController */ = {
			isa = PBXGroup;
			children = (
				610D8A46183B4C4F0030A1FF /* LeftSliderViewController.h */,
				610D8A47183B4C4F0030A1FF /* LeftSliderViewController.m */,
				610D8A48183B4C4F0030A1FF /* LeftSliderViewController.xib */,
			);
			name = SliderController;
			sourceTree = "<group>";
		};
		6111E6C5183C8C7B00D77D96 /* NavigationController */ = {
			isa = PBXGroup;
			children = (
				6111E6C6183C8CB700D77D96 /* AlarmNavigationController.h */,
				6111E6C7183C8CB700D77D96 /* AlarmNavigationController.m */,
				6111E6CF183CB79800D77D96 /* AlarmNavigationController.xib */,
				6111E6C9183C8D3C00D77D96 /* AlarmNavigationDelegate.h */,
				6111E6C2183C7AA600D77D96 /* NavigationBaseViewController.h */,
				6111E6C3183C7AA600D77D96 /* NavigationBaseViewController.m */,
				618F71DC183B655D00842F9D /* NavigationBarView.h */,
				618F71DD183B655D00842F9D /* NavigationBarView.m */,
				618F71E0183B6E7700842F9D /* NavigationBarDelegate.h */,
			);
			name = NavigationController;
			path = Alarm;
			sourceTree = "<group>";
		};
		611998761858025D00C16652 /* AlarmSound */ = {
			isa = PBXGroup;
			children = (
				61199878185802B600C16652 /* AlarmSoundViewController.h */,
				61199879185802B600C16652 /* AlarmSoundViewController.m */,
				6119987A185802B600C16652 /* AlarmSoundViewController.xib */,
			);
			name = AlarmSound;
			sourceTree = "<group>";
		};
		611998771858027300C16652 /* SetAlarm */ = {
			isa = PBXGroup;
			children = (
				6119987D1858059200C16652 /* AlarmRepeat */,
				611998761858025D00C16652 /* AlarmSound */,
				1FB4457918554D960070FD6D /* AlarmRemember */,
			);
			name = SetAlarm;
			sourceTree = "<group>";
		};
		6119987D1858059200C16652 /* AlarmRepeat */ = {
			isa = PBXGroup;
			children = (
				6119987E185805A600C16652 /* AlarmRepeatViewController.h */,
				6119987F185805A600C16652 /* AlarmRepeatViewController.m */,
				61199880185805A600C16652 /* AlarmRepeatViewController.xib */,
				6102D5F218594E6C0082B7B0 /* AlarmRepeatDelegate.h */,
			);
			name = AlarmRepeat;
			sourceTree = "<group>";
		};
		618F71D8183B651900842F9D /* View */ = {
			isa = PBXGroup;
			children = (
				1F4DC3661854DD9300053C71 /* AlarmCell */,
				6105F2361843568900588CDE /* FunctionIndexViewController.h */,
				6105F2371843568900588CDE /* FunctionIndexViewController.m */,
			);
			name = View;
			sourceTree = "<group>";
		};
/* End PBXGroup section */

/* Begin PBXNativeTarget section */
		610929F9183B25CD0028B71F /* Alarm */ = {
			isa = PBXNativeTarget;
			buildConfigurationList = 61092A1D183B25CE0028B71F /* Build configuration list for PBXNativeTarget "Alarm" */;
			buildPhases = (
				1C4E7A5B1D8B443A8569EA37 /* Check Pods Manifest.lock */,
				610929F6183B25CD0028B71F /* Sources */,
				610929F7183B25CD0028B71F /* Frameworks */,
				610929F8183B25CD0028B71F /* Resources */,
				DEEF9F7DA53B459FB0031949 /* Copy Pods Resources */,
			);
			buildRules = (
			);
			dependencies = (
			);
			name = Alarm;
			productName = Alarm;
			productReference = 610929FA183B25CD0028B71F /* Alarm.app */;
			productType = "com.apple.product-type.application";
		};
/* End PBXNativeTarget section */

/* Begin PBXProject section */
		610929F2183B25CD0028B71F /* Project object */ = {
			isa = PBXProject;
			attributes = {
				LastUpgradeCheck = 0460;
				ORGANIZATIONNAME = zhanghao;
			};
			buildConfigurationList = 610929F5183B25CD0028B71F /* Build configuration list for PBXProject "Alarm" */;
			compatibilityVersion = "Xcode 3.2";
			developmentRegion = English;
			hasScannedForEncodings = 0;
			knownRegions = (
				en,
			);
			mainGroup = 610929F1183B25CD0028B71F;
			productRefGroup = 610929FB183B25CD0028B71F /* Products */;
			projectDirPath = "";
			projectRoot = "";
			targets = (
				610929F9183B25CD0028B71F /* Alarm */,
			);
		};
/* End PBXProject section */

/* Begin PBXResourcesBuildPhase section */
		610929F8183B25CD0028B71F /* Resources */ = {
			isa = PBXResourcesBuildPhase;
			buildActionMask = 2147483647;
			files = (
				1F4DC3731854E63200053C71 /* SetAlarmCell.xib in Resources */,
				61092A08183B25CD0028B71F /* InfoPlist.strings in Resources */,
				1FBA2F7F185A24F50020E720 /* 01_Opening (Default).m4a in Resources */,
				1FBA2F96185A24F50020E720 /* 24_Summit.m4a in Resources */,
				1FBA2F8B185A24F50020E720 /* 13_Night Owl.m4a in Resources */,
				1FBA2F8C185A24F50020E720 /* 14_Playtime.m4a in Resources */,
				1FBA2F94185A24F50020E720 /* 22_Slow Rise.m4a in Resources */,
				1FBA2F87185A24F50020E720 /* 09_Cosmic.m4a in Resources */,
				1FBA2F98185A24F50020E720 /* 26_Uplift.m4a in Resources */,
				1FBA2F90185A24F50020E720 /* 18_Ripples.m4a in Resources */,
				1FBA2F83185A24F50020E720 /* 05_By the Seaside.m4a in Resources */,
				1F4DC36E1854DE0000053C71 /* SwitchCell.xib in Resources */,
				1FBA2F89185A24F50020E720 /* 11_Hillside.m4a in Resources */,
				610D8A4A183B4C4F0030A1FF /* LeftSliderViewController.xib in Resources */,
				1FBA2F80185A24F50020E720 /* 02_APEX.m4a in Resources */,
				1FBA2F62185A0D010020E720 /* sound.plist in Resources */,
				1FBA2F81185A24F50020E720 /* 03_Beacon.m4a in Resources */,
				1FBA2F93185A24F50020E720 /* 21_Silk.m4a in Resources */,
				1FBA2F99185A24F50020E720 /* 27_Waves.m4a in Resources */,
				1FBA2F95185A24F50020E720 /* 23_Stargaze.m4a in Resources */,
				1FBA2F97185A24F50020E720 /* 25_Twinkle.m4a in Resources */,
				61092A10183B25CE0028B71F /* Default.png in Resources */,
				1FBA2F91185A24F50020E720 /* 19_Senca.m4a in Resources */,
				1FB4457E185553D40070FD6D /* AlarmRememberViewController.xib in Resources */,
				6119987C185802B600C16652 /* AlarmSoundViewController.xib in Resources */,
				1FBA2F8A185A24F50020E720 /* 12_Illuminate.m4a in Resources */,
				1FBA2F84185A24F50020E720 /* 06_Chimes.m4a in Resources */,
				1FBA2F86185A24F50020E720 /* 08_Constellation.m4a in Resources */,
				1FBA2F8F185A24F50020E720 /* 17_Radiate.m4a in Resources */,
				1FBA2F8D185A24F50020E720 /* 15_Presto.m4a in Resources */,
				1FBA2F8E185A24F50020E720 /* 16_Radar.m4a in Resources */,
				61092A12183B25CE0028B71F /* Default@2x.png in Resources */,
				61092A14183B25CE0028B71F /* Default-568h@2x.png in Resources */,
				1FBA2F85185A24F50020E720 /* 07_Circuit.m4a in Resources */,
				61FBD9751842F4C7008E8530 /* Main.storyboard in Resources */,
				1FBA2F82185A24F50020E720 /* 04_Bulletin.m4a in Resources */,
				1FBA2F88185A24F50020E720 /* 10_Crystals.m4a in Resources */,
				6111E6D0183CB79800D77D96 /* AlarmNavigationController.xib in Resources */,
				61199882185805A600C16652 /* AlarmRepeatViewController.xib in Resources */,
				1FBA2F92185A24F50020E720 /* 20_Signal.m4a in Resources */,
			);
			runOnlyForDeploymentPostprocessing = 0;
		};
/* End PBXResourcesBuildPhase section */

/* Begin PBXShellScriptBuildPhase section */
		1C4E7A5B1D8B443A8569EA37 /* Check Pods Manifest.lock */ = {
			isa = PBXShellScriptBuildPhase;
			buildActionMask = 2147483647;
			files = (
			);
			inputPaths = (
			);
			name = "Check Pods Manifest.lock";
			outputPaths = (
			);
			runOnlyForDeploymentPostprocessing = 0;
			shellPath = /bin/sh;
			shellScript = "diff \"${PODS_ROOT}/../Podfile.lock\" \"${PODS_ROOT}/Manifest.lock\" > /dev/null\nif [[ $? != 0 ]] ; then\n    cat << EOM\nerror: The sandbox is not in sync with the Podfile.lock. Run 'pod install' or update your CocoaPods installation.\nEOM\n    exit 1\nfi\n";
			showEnvVarsInLog = 0;
		};
		DEEF9F7DA53B459FB0031949 /* Copy Pods Resources */ = {
			isa = PBXShellScriptBuildPhase;
			buildActionMask = 2147483647;
			files = (
			);
			inputPaths = (
			);
			name = "Copy Pods Resources";
			outputPaths = (
			);
			runOnlyForDeploymentPostprocessing = 0;
			shellPath = /bin/sh;
			shellScript = "\"${SRCROOT}/Pods/Pods-resources.sh\"\n";
			showEnvVarsInLog = 0;
		};
/* End PBXShellScriptBuildPhase section */

/* Begin PBXSourcesBuildPhase section */
		610929F6183B25CD0028B71F /* Sources */ = {
			isa = PBXSourcesBuildPhase;
			buildActionMask = 2147483647;
			files = (
				61FBD9811843025F008E8530 /* CustomRemoveModalView.m in Sources */,
				6105F2381843568900588CDE /* FunctionIndexViewController.m in Sources */,
				61092A0A183B25CD0028B71F /* main.m in Sources */,
				61092A0E183B25CE0028B71F /* AppDelegate.m in Sources */,
				6105F231184342FA00588CDE /* MainViewController.m in Sources */,
				6106E071183DBADD00A1DC14 /* AddAlarmViewController.m in Sources */,
				6111E6C4183C7AA600D77D96 /* NavigationBaseViewController.m in Sources */,
				61092A17183B25CE0028B71F /* AlarmViewController.m in Sources */,
				61092A29183B31CF0028B71F /* GlobalFunction.m in Sources */,
				6111E6C8183C8CB700D77D96 /* AlarmNavigationController.m in Sources */,
				6119987B185802B600C16652 /* AlarmSoundViewController.m in Sources */,
				61BB2E81183B3A72005E71AB /* WakeUpTrendViewController.m in Sources */,
				61BB2E86183B3A98005E71AB /* DeathTimeViewController.m in Sources */,
				61BB2E8B183B3AC3005E71AB /* WeatherViewController.m in Sources */,
				6105F234184344BC00588CDE /* CustomPresentModal.m in Sources */,
				61BB2E90183B3AD2005E71AB /* MusicSetViewController.m in Sources */,
				61199881185805A600C16652 /* AlarmRepeatViewController.m in Sources */,
				610D8A49183B4C4F0030A1FF /* LeftSliderViewController.m in Sources */,
				618F71DE183B655D00842F9D /* NavigationBarView.m in Sources */,
				61BB2E95183B3AE2005E71AB /* BackgroundSetViewController.m in Sources */,
				1F4DC3711854E62300053C71 /* SetAlarmCell.m in Sources */,
				1F4DC36C1854DDED00053C71 /* SwitchCell.m in Sources */,
				1FB4457C18554DC80070FD6D /* AlarmRememberViewController.m in Sources */,
			);
			runOnlyForDeploymentPostprocessing = 0;
		};
/* End PBXSourcesBuildPhase section */

/* Begin PBXVariantGroup section */
		61092A06183B25CD0028B71F /* InfoPlist.strings */ = {
			isa = PBXVariantGroup;
			children = (
				61092A07183B25CD0028B71F /* en */,
			);
			name = InfoPlist.strings;
			sourceTree = "<group>";
		};
/* End PBXVariantGroup section */

/* Begin XCBuildConfiguration section */
		61092A1B183B25CE0028B71F /* Debug */ = {
			isa = XCBuildConfiguration;
			buildSettings = {
				ALWAYS_SEARCH_USER_PATHS = NO;
				CLANG_CXX_LANGUAGE_STANDARD = "gnu++0x";
				CLANG_CXX_LIBRARY = "libc++";
				CLANG_ENABLE_OBJC_ARC = YES;
				CLANG_WARN_CONSTANT_CONVERSION = YES;
				CLANG_WARN_EMPTY_BODY = YES;
				CLANG_WARN_ENUM_CONVERSION = YES;
				CLANG_WARN_INT_CONVERSION = YES;
				CLANG_WARN__DUPLICATE_METHOD_MATCH = YES;
				"CODE_SIGN_IDENTITY[sdk=iphoneos*]" = "iPhone Developer";
				COPY_PHASE_STRIP = NO;
				GCC_C_LANGUAGE_STANDARD = gnu99;
				GCC_DYNAMIC_NO_PIC = NO;
				GCC_OPTIMIZATION_LEVEL = 0;
				GCC_PREPROCESSOR_DEFINITIONS = (
					"DEBUG=1",
					"$(inherited)",
				);
				GCC_SYMBOLS_PRIVATE_EXTERN = NO;
				GCC_WARN_ABOUT_RETURN_TYPE = YES;
				GCC_WARN_UNINITIALIZED_AUTOS = YES;
				GCC_WARN_UNUSED_VARIABLE = YES;
				IPHONEOS_DEPLOYMENT_TARGET = 6.0;
				ONLY_ACTIVE_ARCH = YES;
				SDKROOT = iphoneos;
			};
			name = Debug;
		};
		61092A1C183B25CE0028B71F /* Release */ = {
			isa = XCBuildConfiguration;
			buildSettings = {
				ALWAYS_SEARCH_USER_PATHS = NO;
				CLANG_CXX_LANGUAGE_STANDARD = "gnu++0x";
				CLANG_CXX_LIBRARY = "libc++";
				CLANG_ENABLE_OBJC_ARC = YES;
				CLANG_WARN_CONSTANT_CONVERSION = YES;
				CLANG_WARN_EMPTY_BODY = YES;
				CLANG_WARN_ENUM_CONVERSION = YES;
				CLANG_WARN_INT_CONVERSION = YES;
				CLANG_WARN__DUPLICATE_METHOD_MATCH = YES;
				"CODE_SIGN_IDENTITY[sdk=iphoneos*]" = "iPhone Developer";
				COPY_PHASE_STRIP = YES;
				GCC_C_LANGUAGE_STANDARD = gnu99;
				GCC_WARN_ABOUT_RETURN_TYPE = YES;
				GCC_WARN_UNINITIALIZED_AUTOS = YES;
				GCC_WARN_UNUSED_VARIABLE = YES;
				IPHONEOS_DEPLOYMENT_TARGET = 6.0;
				OTHER_CFLAGS = "-DNS_BLOCK_ASSERTIONS=1";
				SDKROOT = iphoneos;
				VALIDATE_PRODUCT = YES;
			};
			name = Release;
		};
		61092A1E183B25CE0028B71F /* Debug */ = {
			isa = XCBuildConfiguration;
			baseConfigurationReference = 48DF38B0DC59498888A58C86 /* Pods.xcconfig */;
			buildSettings = {
				GCC_PRECOMPILE_PREFIX_HEADER = YES;
				GCC_PREFIX_HEADER = "Alarm/Alarm-Prefix.pch";
				INFOPLIST_FILE = "Alarm/Alarm-Info.plist";
				IPHONEOS_DEPLOYMENT_TARGET = 6.0;
				PRODUCT_NAME = "$(TARGET_NAME)";
				WRAPPER_EXTENSION = app;
			};
			name = Debug;
		};
		61092A1F183B25CE0028B71F /* Release */ = {
			isa = XCBuildConfiguration;
			baseConfigurationReference = 48DF38B0DC59498888A58C86 /* Pods.xcconfig */;
			buildSettings = {
				GCC_PRECOMPILE_PREFIX_HEADER = YES;
				GCC_PREFIX_HEADER = "Alarm/Alarm-Prefix.pch";
				INFOPLIST_FILE = "Alarm/Alarm-Info.plist";
				IPHONEOS_DEPLOYMENT_TARGET = 6.0;
				PRODUCT_NAME = "$(TARGET_NAME)";
				WRAPPER_EXTENSION = app;
			};
			name = Release;
		};
/* End XCBuildConfiguration section */

/* Begin XCConfigurationList section */
		610929F5183B25CD0028B71F /* Build configuration list for PBXProject "Alarm" */ = {
			isa = XCConfigurationList;
			buildConfigurations = (
				61092A1B183B25CE0028B71F /* Debug */,
				61092A1C183B25CE0028B71F /* Release */,
			);
			defaultConfigurationIsVisible = 0;
			defaultConfigurationName = Release;
		};
		61092A1D183B25CE0028B71F /* Build configuration list for PBXNativeTarget "Alarm" */ = {
			isa = XCConfigurationList;
			buildConfigurations = (
				61092A1E183B25CE0028B71F /* Debug */,
				61092A1F183B25CE0028B71F /* Release */,
			);
			defaultConfigurationIsVisible = 0;
			defaultConfigurationName = Release;
		};
/* End XCConfigurationList section */
	};
	rootObject = 610929F2183B25CD0028B71F /* Project object */;
}
